
Microsoft Visual Studio Solution File, Format Version 12.00
# Visual Studio Version 17
VisualStudioVersion = 17.3.32901.215
MinimumVisualStudioVersion = 10.0.40219.1
Project("{FAE04EC0-301F-11D3-BF4B-00C04F79EFBC}") = "Магазин", "Магазин.csproj", "{2C039B4D-6D33-421C-B367-8AE8FA68C880}"
EndProject
Global
	GlobalSection(SolutionConfigurationPlatforms) = preSolution
		Debug|Any CPU = Debug|Any CPU
		Release|Any CPU = Release|Any CPU
	EndGlobalSection
	GlobalSection(ProjectConfigurationPlatforms) = postSolution
		{2C039B4D-6D33-421C-B367-8AE8FA68C880}.Debug|Any CPU.ActiveCfg = Debug|Any CPU
		{2C039B4D-6D33-421C-B367-8AE8FA68C880}.Debug|Any CPU.Build.0 = Debug|Any CPU
		{2C039B4D-6D33-421C-B367-8AE8FA68C880}.Release|Any CPU.ActiveCfg = Release|Any CPU
		{2C039B4D-6D33-421C-B367-8AE8FA68C880}.Release|Any CPU.Build.0 = Release|Any CPU
	EndGlobalSection
	GlobalSection(SolutionProperties) = preSolution
		HideSolutionNode = FALSE
	EndGlobalSection
	GlobalSection(ExtensibilityGlobals) = postSolution
		SolutionGuid = {E7878D17-7316-4078-AEF7-C673195982B7}
	EndGlobalSection
EndGlobal
